{
  "name": "relativity-tutor",
  "version": "1.0.0",
  "lockfileVersion": 3,
  "requires": true,
  "packages": {
    "": {
      "name": "relativity-tutor",
      "version": "1.0.0",
      "dependencies": {
        "@anthropic-ai/sdk": "file:./stubs/anthropic-sdk"
      }
    },
    "node_modules/@anthropic-ai/sdk": {
      "resolved": "stubs/anthropic-sdk",
      "link": true
    },
    "stubs/anthropic-sdk": {
      "name": "@anthropic-ai/sdk",
      "version": "0.0.0-paid-path-disabled",
      "license": "MIT"
    }
  }
}
